<Solution>
  <Project Path="ProductCart.BFF.API/ProductCart.BFF.API.csproj" />
  <Project Path="ProductCart.BFF.Application/ProductCart.BFF.Application.csproj" />
  <Project Path="ProductCart.BFF.Infrastructure/ProductCart.BFF.Infrastructure.csproj" />
  <Project Path="ProductCart.MAUI/ProductCart.MAUI.csproj" Id="6bfd23f3-549f-4c6d-8184-2a66bf7649ac" />
</Solution>
